// !$*UTF8*$!
{
	archiveVersion = 1;
	classes = {
	};
	objectVersion = 55;
	objects = {

/* Begin PBXBuildFile section */
		C42DF3BD286B22720028E94C /* DishesView.swift in Sources */ = {isa = PBXBuildFile; fileRef = C42DF3BC286B22720028E94C /* DishesView.swift */; };
		C42DF3BF286B24D50028E94C /* DishesViewIcon.swift in Sources */ = {isa = PBXBuildFile; fileRef = C42DF3BE286B24D50028E94C /* DishesViewIcon.swift */; };
		C42DF3C1286B263E0028E94C /* DishesViewIconRight.swift in Sources */ = {isa = PBXBuildFile; fileRef = C42DF3C0286B263E0028E94C /* DishesViewIconRight.swift */; };
		C42DF3C3286B31B40028E94C /* FactsView.swift in Sources */ = {isa = PBXBuildFile; fileRef = C42DF3C2286B31B40028E94C /* FactsView.swift */; };
		C43984E8286D7B98006B2467 /* RecipeModel.swift in Sources */ = {isa = PBXBuildFile; fileRef = C43984E7286D7B98006B2467 /* RecipeModel.swift */; };
		C43984EA286D7C49006B2467 /* RecipeData.swift in Sources */ = {isa = PBXBuildFile; fileRef = C43984E9286D7C49006B2467 /* RecipeData.swift */; };
		C43984EC286D7CDC006B2467 /* RecipeCardView.swift in Sources */ = {isa = PBXBuildFile; fileRef = C43984EB286D7CDC006B2467 /* RecipeCardView.swift */; };
		C43984EE286D8CA0006B2467 /* RecipeRatingView.swift in Sources */ = {isa = PBXBuildFile; fileRef = C43984ED286D8CA0006B2467 /* RecipeRatingView.swift */; };
		C43984F0286D8D35006B2467 /* RecipeCookingView.swift in Sources */ = {isa = PBXBuildFile; fileRef = C43984EF286D8D35006B2467 /* RecipeCookingView.swift */; };
		C43984F2286D8D92006B2467 /* RecipeDetailView.swift in Sources */ = {isa = PBXBuildFile; fileRef = C43984F1286D8D92006B2467 /* RecipeDetailView.swift */; };
		C45454A82868C766000F653E /* Avocado_SwiftUIApp.swift in Sources */ = {isa = PBXBuildFile; fileRef = C45454A72868C766000F653E /* Avocado_SwiftUIApp.swift */; };
		C45454AA2868C766000F653E /* ContentView.swift in Sources */ = {isa = PBXBuildFile; fileRef = C45454A92868C766000F653E /* ContentView.swift */; };
		C45454AC2868C768000F653E /* Assets.xcassets in Resources */ = {isa = PBXBuildFile; fileRef = C45454AB2868C768000F653E /* Assets.xcassets */; };
		C45454AF2868C768000F653E /* Preview Assets.xcassets in Resources */ = {isa = PBXBuildFile; fileRef = C45454AE2868C768000F653E /* Preview Assets.xcassets */; };
		C45454B62868CA85000F653E /* LaunchScreen.storyboard in Resources */ = {isa = PBXBuildFile; fileRef = C45454B52868CA85000F653E /* LaunchScreen.storyboard */; };
		C48661CB28697CB9003C08DF /* HeaderView.swift in Sources */ = {isa = PBXBuildFile; fileRef = C48661CA28697CB9003C08DF /* HeaderView.swift */; };
		C48661CD286989A0003C08DF /* HeaderModel.swift in Sources */ = {isa = PBXBuildFile; fileRef = C48661CC286989A0003C08DF /* HeaderModel.swift */; };
		C48661CF28698A11003C08DF /* HeaderData.swift in Sources */ = {isa = PBXBuildFile; fileRef = C48661CE28698A11003C08DF /* HeaderData.swift */; };
		C4A2AD712868D2270096D24A /* AvocadosView.swift in Sources */ = {isa = PBXBuildFile; fileRef = C4A2AD702868D2270096D24A /* AvocadosView.swift */; };
		C4A2AD732868D23B0096D24A /* RipeningStagesView.swift in Sources */ = {isa = PBXBuildFile; fileRef = C4A2AD722868D23B0096D24A /* RipeningStagesView.swift */; };
		C4A2AD752868D2460096D24A /* SettingsView.swift in Sources */ = {isa = PBXBuildFile; fileRef = C4A2AD742868D2460096D24A /* SettingsView.swift */; };
		C4A2AD772868D2520096D24A /* AppView.swift in Sources */ = {isa = PBXBuildFile; fileRef = C4A2AD762868D2520096D24A /* AppView.swift */; };
		C4C41F39286C1D8B00D23D43 /* FactModel.swift in Sources */ = {isa = PBXBuildFile; fileRef = C4C41F38286C1D8B00D23D43 /* FactModel.swift */; };
		C4C41F3B286C1DE400D23D43 /* FactData.swift in Sources */ = {isa = PBXBuildFile; fileRef = C4C41F3A286C1DE400D23D43 /* FactData.swift */; };
		C4D9A52D286F1D950050BEE2 /* RipeningView.swift in Sources */ = {isa = PBXBuildFile; fileRef = C4D9A52C286F1D950050BEE2 /* RipeningView.swift */; };
/* End PBXBuildFile section */

/* Begin PBXFileReference section */
		C42DF3BC286B22720028E94C /* DishesView.swift */ = {isa = PBXFileReference; lastKnownFileType = sourcecode.swift; path = DishesView.swift; sourceTree = "<group>"; };
		C42DF3BE286B24D50028E94C /* DishesViewIcon.swift */ = {isa = PBXFileReference; lastKnownFileType = sourcecode.swift; path = DishesViewIcon.swift; sourceTree = "<group>"; };
		C42DF3C0286B263E0028E94C /* DishesViewIconRight.swift */ = {isa = PBXFileReference; lastKnownFileType = sourcecode.swift; path = DishesViewIconRight.swift; sourceTree = "<group>"; };
		C42DF3C2286B31B40028E94C /* FactsView.swift */ = {isa = PBXFileReference; lastKnownFileType = sourcecode.swift; path = FactsView.swift; sourceTree = "<group>"; };
		C43984E7286D7B98006B2467 /* RecipeModel.swift */ = {isa = PBXFileReference; lastKnownFileType = sourcecode.swift; path = RecipeModel.swift; sourceTree = "<group>"; };
		C43984E9286D7C49006B2467 /* RecipeData.swift */ = {isa = PBXFileReference; lastKnownFileType = sourcecode.swift; path = RecipeData.swift; sourceTree = "<group>"; };
		C43984EB286D7CDC006B2467 /* RecipeCardView.swift */ = {isa = PBXFileReference; lastKnownFileType = sourcecode.swift; path = RecipeCardView.swift; sourceTree = "<group>"; };
		C43984ED286D8CA0006B2467 /* RecipeRatingView.swift */ = {isa = PBXFileReference; lastKnownFileType = sourcecode.swift; path = RecipeRatingView.swift; sourceTree = "<group>"; };
		C43984EF286D8D35006B2467 /* RecipeCookingView.swift */ = {isa = PBXFileReference; lastKnownFileType = sourcecode.swift; path = RecipeCookingView.swift; sourceTree = "<group>"; };
		C43984F1286D8D92006B2467 /* RecipeDetailView.swift */ = {isa = PBXFileReference; lastKnownFileType = sourcecode.swift; path = RecipeDetailView.swift; sourceTree = "<group>"; };
		C45454A42868C766000F653E /* Avocado-SwiftUI.app */ = {isa = PBXFileReference; explicitFileType = wrapper.application; includeInIndex = 0; path = "Avocado-SwiftUI.app"; sourceTree = BUILT_PRODUCTS_DIR; };
		C45454A72868C766000F653E /* Avocado_SwiftUIApp.swift */ = {isa = PBXFileReference; lastKnownFileType = sourcecode.swift; path = Avocado_SwiftUIApp.swift; sourceTree = "<group>"; };
		C45454A92868C766000F653E /* ContentView.swift */ = {isa = PBXFileReference; lastKnownFileType = sourcecode.swift; path = ContentView.swift; sourceTree = "<group>"; };
		C45454AB2868C768000F653E /* Assets.xcassets */ = {isa = PBXFileReference; lastKnownFileType = folder.assetcatalog; path = Assets.xcassets; sourceTree = "<group>"; };
		C45454AE2868C768000F653E /* Preview Assets.xcassets */ = {isa = PBXFileReference; lastKnownFileType = folder.assetcatalog; path = "Preview Assets.xcassets"; sourceTree = "<group>"; };
		C45454B52868CA85000F653E /* LaunchScreen.storyboard */ = {isa = PBXFileReference; lastKnownFileType = file.storyboard; path = LaunchScreen.storyboard; sourceTree = "<group>"; };
		C48661CA28697CB9003C08DF /* HeaderView.swift */ = {isa = PBXFileReference; lastKnownFileType = sourcecode.swift; path = HeaderView.swift; sourceTree = "<group>"; };
		C48661CC286989A0003C08DF /* HeaderModel.swift */ = {isa = PBXFileReference; lastKnownFileType = sourcecode.swift; path = HeaderModel.swift; sourceTree = "<group>"; };
		C48661CE28698A11003C08DF /* HeaderData.swift */ = {isa = PBXFileReference; lastKnownFileType = sourcecode.swift; path = HeaderData.swift; sourceTree = "<group>"; };
		C4A2AD702868D2270096D24A /* AvocadosView.swift */ = {isa = PBXFileReference; lastKnownFileType = sourcecode.swift; path = AvocadosView.swift; sourceTree = "<group>"; };
		C4A2AD722868D23B0096D24A /* RipeningStagesView.swift */ = {isa = PBXFileReference; lastKnownFileType = sourcecode.swift; path = RipeningStagesView.swift; sourceTree = "<group>"; };
		C4A2AD742868D2460096D24A /* SettingsView.swift */ = {isa = PBXFileReference; lastKnownFileType = sourcecode.swift; path = SettingsView.swift; sourceTree = "<group>"; };
		C4A2AD762868D2520096D24A /* AppView.swift */ = {isa = PBXFileReference; lastKnownFileType = sourcecode.swift; path = AppView.swift; sourceTree = "<group>"; };
		C4C41F38286C1D8B00D23D43 /* FactModel.swift */ = {isa = PBXFileReference; lastKnownFileType = sourcecode.swift; path = FactModel.swift; sourceTree = "<group>"; };
		C4C41F3A286C1DE400D23D43 /* FactData.swift */ = {isa = PBXFileReference; lastKnownFileType = sourcecode.swift; path = FactData.swift; sourceTree = "<group>"; };
		C4D9A52C286F1D950050BEE2 /* RipeningView.swift */ = {isa = PBXFileReference; lastKnownFileType = sourcecode.swift; path = RipeningView.swift; sourceTree = "<group>"; };
/* End PBXFileReference section */

/* Begin PBXFrameworksBuildPhase section */
		C45454A12868C766000F653E /* Frameworks */ = {
			isa = PBXFrameworksBuildPhase;
			buildActionMask = 2147483647;
			files = (
			);
			runOnlyForDeploymentPostprocessing = 0;
		};
/* End PBXFrameworksBuildPhase section */

/* Begin PBXGroup section */
		C454549B2868C766000F653E = {
			isa = PBXGroup;
			children = (
				C45454A62868C766000F653E /* Avocado-SwiftUI */,
				C45454A52868C766000F653E /* Products */,
			);
			sourceTree = "<group>";
		};
		C45454A52868C766000F653E /* Products */ = {
			isa = PBXGroup;
			children = (
				C45454A42868C766000F653E /* Avocado-SwiftUI.app */,
			);
			name = Products;
			sourceTree = "<group>";
		};
		C45454A62868C766000F653E /* Avocado-SwiftUI */ = {
			isa = PBXGroup;
			children = (
				C45454B92868CBC9000F653E /* View */,
				C45454B82868CBC4000F653E /* Model */,
				C45454B72868CBBE000F653E /* Data */,
				C45454A72868C766000F653E /* Avocado_SwiftUIApp.swift */,
				C45454B52868CA85000F653E /* LaunchScreen.storyboard */,
				C45454AB2868C768000F653E /* Assets.xcassets */,
				C45454AD2868C768000F653E /* Preview Content */,
			);
			path = "Avocado-SwiftUI";
			sourceTree = "<group>";
		};
		C45454AD2868C768000F653E /* Preview Content */ = {
			isa = PBXGroup;
			children = (
				C45454AE2868C768000F653E /* Preview Assets.xcassets */,
			);
			path = "Preview Content";
			sourceTree = "<group>";
		};
		C45454B72868CBBE000F653E /* Data */ = {
			isa = PBXGroup;
			children = (
				C48661CE28698A11003C08DF /* HeaderData.swift */,
				C4C41F3A286C1DE400D23D43 /* FactData.swift */,
				C43984E9286D7C49006B2467 /* RecipeData.swift */,
			);
			path = Data;
			sourceTree = "<group>";
		};
		C45454B82868CBC4000F653E /* Model */ = {
			isa = PBXGroup;
			children = (
				C48661CC286989A0003C08DF /* HeaderModel.swift */,
				C4C41F38286C1D8B00D23D43 /* FactModel.swift */,
				C43984E7286D7B98006B2467 /* RecipeModel.swift */,
			);
			path = Model;
			sourceTree = "<group>";
		};
		C45454B92868CBC9000F653E /* View */ = {
			isa = PBXGroup;
			children = (
				C45454A92868C766000F653E /* ContentView.swift */,
				C4A2AD702868D2270096D24A /* AvocadosView.swift */,
				C4A2AD722868D23B0096D24A /* RipeningStagesView.swift */,
				C4A2AD742868D2460096D24A /* SettingsView.swift */,
				C4A2AD762868D2520096D24A /* AppView.swift */,
				C48661CA28697CB9003C08DF /* HeaderView.swift */,
				C42DF3BC286B22720028E94C /* DishesView.swift */,
				C42DF3BE286B24D50028E94C /* DishesViewIcon.swift */,
				C42DF3C0286B263E0028E94C /* DishesViewIconRight.swift */,
				C42DF3C2286B31B40028E94C /* FactsView.swift */,
				C43984EB286D7CDC006B2467 /* RecipeCardView.swift */,
				C43984ED286D8CA0006B2467 /* RecipeRatingView.swift */,
				C43984EF286D8D35006B2467 /* RecipeCookingView.swift */,
				C43984F1286D8D92006B2467 /* RecipeDetailView.swift */,
				C4D9A52C286F1D950050BEE2 /* RipeningView.swift */,
			);
			path = View;
			sourceTree = "<group>";
		};
/* End PBXGroup section */

/* Begin PBXNativeTarget section */
		C45454A32868C766000F653E /* Avocado-SwiftUI */ = {
			isa = PBXNativeTarget;
			buildConfigurationList = C45454B22868C768000F653E /* Build configuration list for PBXNativeTarget "Avocado-SwiftUI" */;
			buildPhases = (
				C45454A02868C766000F653E /* Sources */,
				C45454A12868C766000F653E /* Frameworks */,
				C45454A22868C766000F653E /* Resources */,
			);
			buildRules = (
			);
			dependencies = (
			);
			name = "Avocado-SwiftUI";
			productName = "Avocado-SwiftUI";
			productReference = C45454A42868C766000F653E /* Avocado-SwiftUI.app */;
			productType = "com.apple.product-type.application";
		};
/* End PBXNativeTarget section */

/* Begin PBXProject section */
		C454549C2868C766000F653E /* Project object */ = {
			isa = PBXProject;
			attributes = {
				BuildIndependentTargetsInParallel = 1;
				LastSwiftUpdateCheck = 1340;
				LastUpgradeCheck = 1340;
				TargetAttributes = {
					C45454A32868C766000F653E = {
						CreatedOnToolsVersion = 13.4.1;
					};
				};
			};
			buildConfigurationList = C454549F2868C766000F653E /* Build configuration list for PBXProject "Avocado-SwiftUI" */;
			compatibilityVersion = "Xcode 13.0";
			developmentRegion = en;
			hasScannedForEncodings = 0;
			knownRegions = (
				en,
				Base,
			);
			mainGroup = C454549B2868C766000F653E;
			productRefGroup = C45454A52868C766000F653E /* Products */;
			projectDirPath = "";
			projectRoot = "";
			targets = (
				C45454A32868C766000F653E /* Avocado-SwiftUI */,
			);
		};
/* End PBXProject section */

/* Begin PBXResourcesBuildPhase section */
		C45454A22868C766000F653E /* Resources */ = {
			isa = PBXResourcesBuildPhase;
			buildActionMask = 2147483647;
			files = (
				C45454B62868CA85000F653E /* LaunchScreen.storyboard in Resources */,
				C45454AF2868C768000F653E /* Preview Assets.xcassets in Resources */,
				C45454AC2868C768000F653E /* Assets.xcassets in Resources */,
			);
			runOnlyForDeploymentPostprocessing = 0;
		};
/* End PBXResourcesBuildPhase section */

/* Begin PBXSourcesBuildPhase section */
		C45454A02868C766000F653E /* Sources */ = {
			isa = PBXSourcesBuildPhase;
			buildActionMask = 2147483647;
			files = (
				C4A2AD752868D2460096D24A /* SettingsView.swift in Sources */,
				C45454AA2868C766000F653E /* ContentView.swift in Sources */,
				C4D9A52D286F1D950050BEE2 /* RipeningView.swift in Sources */,
				C43984EC286D7CDC006B2467 /* RecipeCardView.swift in Sources */,
				C43984F0286D8D35006B2467 /* RecipeCookingView.swift in Sources */,
				C4C41F3B286C1DE400D23D43 /* FactData.swift in Sources */,
				C42DF3BF286B24D50028E94C /* DishesViewIcon.swift in Sources */,
				C4A2AD772868D2520096D24A /* AppView.swift in Sources */,
				C43984F2286D8D92006B2467 /* RecipeDetailView.swift in Sources */,
				C43984E8286D7B98006B2467 /* RecipeModel.swift in Sources */,
				C4A2AD732868D23B0096D24A /* RipeningStagesView.swift in Sources */,
				C45454A82868C766000F653E /* Avocado_SwiftUIApp.swift in Sources */,
				C42DF3C3286B31B40028E94C /* FactsView.swift in Sources */,
				C4A2AD712868D2270096D24A /* AvocadosView.swift in Sources */,
				C48661CD286989A0003C08DF /* HeaderModel.swift in Sources */,
				C43984EE286D8CA0006B2467 /* RecipeRatingView.swift in Sources */,
				C4C41F39286C1D8B00D23D43 /* FactModel.swift in Sources */,
				C48661CF28698A11003C08DF /* HeaderData.swift in Sources */,
				C43984EA286D7C49006B2467 /* RecipeData.swift in Sources */,
				C42DF3BD286B22720028E94C /* DishesView.swift in Sources */,
				C42DF3C1286B263E0028E94C /* DishesViewIconRight.swift in Sources */,
				C48661CB28697CB9003C08DF /* HeaderView.swift in Sources */,
			);
			runOnlyForDeploymentPostprocessing = 0;
		};
/* End PBXSourcesBuildPhase section */

/* Begin XCBuildConfiguration section */
		C45454B02868C768000F653E /* Debug */ = {
			isa = XCBuildConfiguration;
			buildSettings = {
				ALWAYS_SEARCH_USER_PATHS = NO;
				CLANG_ANALYZER_NONNULL = YES;
				CLANG_ANALYZER_NUMBER_OBJECT_CONVERSION = YES_AGGRESSIVE;
				CLANG_CXX_LANGUAGE_STANDARD = "gnu++17";
				CLANG_ENABLE_MODULES = YES;
				CLANG_ENABLE_OBJC_ARC = YES;
				CLANG_ENABLE_OBJC_WEAK = YES;
				CLANG_WARN_BLOCK_CAPTURE_AUTORELEASING = YES;
				CLANG_WARN_BOOL_CONVERSION = YES;
				CLANG_WARN_COMMA = YES;
				CLANG_WARN_CONSTANT_CONVERSION = YES;
				CLANG_WARN_DEPRECATED_OBJC_IMPLEMENTATIONS = YES;
				CLANG_WARN_DIRECT_OBJC_ISA_USAGE = YES_ERROR;
				CLANG_WARN_DOCUMENTATION_COMMENTS = YES;
				CLANG_WARN_EMPTY_BODY = YES;
				CLANG_WARN_ENUM_CONVERSION = YES;
				CLANG_WARN_INFINITE_RECURSION = YES;
				CLANG_WARN_INT_CONVERSION = YES;
				CLANG_WARN_NON_LITERAL_NULL_CONVERSION = YES;
				CLANG_WARN_OBJC_IMPLICIT_RETAIN_SELF = YES;
				CLANG_WARN_OBJC_LITERAL_CONVERSION = YES;
				CLANG_WARN_OBJC_ROOT_CLASS = YES_ERROR;
				CLANG_WARN_QUOTED_INCLUDE_IN_FRAMEWORK_HEADER = YES;
				CLANG_WARN_RANGE_LOOP_ANALYSIS = YES;
				CLANG_WARN_STRICT_PROTOTYPES = YES;
				CLANG_WARN_SUSPICIOUS_MOVE = YES;
				CLANG_WARN_UNGUARDED_AVAILABILITY = YES_AGGRESSIVE;
				CLANG_WARN_UNREACHABLE_CODE = YES;
				CLANG_WARN__DUPLICATE_METHOD_MATCH = YES;
				COPY_PHASE_STRIP = NO;
				DEBUG_INFORMATION_FORMAT = dwarf;
				ENABLE_STRICT_OBJC_MSGSEND = YES;
				ENABLE_TESTABILITY = YES;
				GCC_C_LANGUAGE_STANDARD = gnu11;
				GCC_DYNAMIC_NO_PIC = NO;
				GCC_NO_COMMON_BLOCKS = YES;
				GCC_OPTIMIZATION_LEVEL = 0;
				GCC_PREPROCESSOR_DEFINITIONS = (
					"DEBUG=1",
					"$(inherited)",
				);
				GCC_WARN_64_TO_32_BIT_CONVERSION = YES;
				GCC_WARN_ABOUT_RETURN_TYPE = YES_ERROR;
				GCC_WARN_UNDECLARED_SELECTOR = YES;
				GCC_WARN_UNINITIALIZED_AUTOS = YES_AGGRESSIVE;
				GCC_WARN_UNUSED_FUNCTION = YES;
				GCC_WARN_UNUSED_VARIABLE = YES;
				IPHONEOS_DEPLOYMENT_TARGET = 15.5;
				MTL_ENABLE_DEBUG_INFO = INCLUDE_SOURCE;
				MTL_FAST_MATH = YES;
				ONLY_ACTIVE_ARCH = YES;
				SDKROOT = iphoneos;
				SWIFT_ACTIVE_COMPILATION_CONDITIONS = DEBUG;
				SWIFT_OPTIMIZATION_LEVEL = "-Onone";
			};
			name = Debug;
		};
		C45454B12868C768000F653E /* Release */ = {
			isa = XCBuildConfiguration;
			buildSettings = {
				ALWAYS_SEARCH_USER_PATHS = NO;
				CLANG_ANALYZER_NONNULL = YES;
				CLANG_ANALYZER_NUMBER_OBJECT_CONVERSION = YES_AGGRESSIVE;
				CLANG_CXX_LANGUAGE_STANDARD = "gnu++17";
				CLANG_ENABLE_MODULES = YES;
				CLANG_ENABLE_OBJC_ARC = YES;
				CLANG_ENABLE_OBJC_WEAK = YES;
				CLANG_WARN_BLOCK_CAPTURE_AUTORELEASING = YES;
				CLANG_WARN_BOOL_CONVERSION = YES;
				CLANG_WARN_COMMA = YES;
				CLANG_WARN_CONSTANT_CONVERSION = YES;
				CLANG_WARN_DEPRECATED_OBJC_IMPLEMENTATIONS = YES;
				CLANG_WARN_DIRECT_OBJC_ISA_USAGE = YES_ERROR;
				CLANG_WARN_DOCUMENTATION_COMMENTS = YES;
				CLANG_WARN_EMPTY_BODY = YES;
				CLANG_WARN_ENUM_CONVERSION = YES;
				CLANG_WARN_INFINITE_RECURSION = YES;
				CLANG_WARN_INT_CONVERSION = YES;
				CLANG_WARN_NON_LITERAL_NULL_CONVERSION = YES;
				CLANG_WARN_OBJC_IMPLICIT_RETAIN_SELF = YES;
				CLANG_WARN_OBJC_LITERAL_CONVERSION = YES;
				CLANG_WARN_OBJC_ROOT_CLASS = YES_ERROR;
				CLANG_WARN_QUOTED_INCLUDE_IN_FRAMEWORK_HEADER = YES;
				CLANG_WARN_RANGE_LOOP_ANALYSIS = YES;
				CLANG_WARN_STRICT_PROTOTYPES = YES;
				CLANG_WARN_SUSPICIOUS_MOVE = YES;
				CLANG_WARN_UNGUARDED_AVAILABILITY = YES_AGGRESSIVE;
				CLANG_WARN_UNREACHABLE_CODE = YES;
				CLANG_WARN__DUPLICATE_METHOD_MATCH = YES;
				COPY_PHASE_STRIP = NO;
				DEBUG_INFORMATION_FORMAT = "dwarf-with-dsym";
				ENABLE_NS_ASSERTIONS = NO;
				ENABLE_STRICT_OBJC_MSGSEND = YES;
				GCC_C_LANGUAGE_STANDARD = gnu11;
				GCC_NO_COMMON_BLOCKS = YES;
				GCC_WARN_64_TO_32_BIT_CONVERSION = YES;
				GCC_WARN_ABOUT_RETURN_TYPE = YES_ERROR;
				GCC_WARN_UNDECLARED_SELECTOR = YES;
				GCC_WARN_UNINITIALIZED_AUTOS = YES_AGGRESSIVE;
				GCC_WARN_UNUSED_FUNCTION = YES;
				GCC_WARN_UNUSED_VARIABLE = YES;
				IPHONEOS_DEPLOYMENT_TARGET = 15.5;
				MTL_ENABLE_DEBUG_INFO = NO;
				MTL_FAST_MATH = YES;
				SDKROOT = iphoneos;
				SWIFT_COMPILATION_MODE = wholemodule;
				SWIFT_OPTIMIZATION_LEVEL = "-O";
				VALIDATE_PRODUCT = YES;
			};
			name = Release;
		};
		C45454B32868C768000F653E /* Debug */ = {
			isa = XCBuildConfiguration;
			buildSettings = {
				ASSETCATALOG_COMPILER_APPICON_NAME = AppIcon;
				ASSETCATALOG_COMPILER_GLOBAL_ACCENT_COLOR_NAME = AccentColor;
				CODE_SIGN_STYLE = Automatic;
				CURRENT_PROJECT_VERSION = 1;
				DEVELOPMENT_ASSET_PATHS = "\"Avocado-SwiftUI/Preview Content\"";
				DEVELOPMENT_TEAM = 5XZHHC4623;
				ENABLE_PREVIEWS = YES;
				GENERATE_INFOPLIST_FILE = YES;
				INFOPLIST_KEY_UIApplicationSceneManifest_Generation = YES;
				INFOPLIST_KEY_UIApplicationSupportsIndirectInputEvents = YES;
				INFOPLIST_KEY_UILaunchScreen_Generation = YES;
				INFOPLIST_KEY_UILaunchStoryboardName = LaunchScreen;
				INFOPLIST_KEY_UISupportedInterfaceOrientations_iPad = "UIInterfaceOrientationPortrait UIInterfaceOrientationPortraitUpsideDown UIInterfaceOrientationLandscapeLeft UIInterfaceOrientationLandscapeRight";
				INFOPLIST_KEY_UISupportedInterfaceOrientations_iPhone = "UIInterfaceOrientationPortrait UIInterfaceOrientationLandscapeLeft UIInterfaceOrientationLandscapeRight";
				LD_RUNPATH_SEARCH_PATHS = (
					"$(inherited)",
					"@executable_path/Frameworks",
				);
				MARKETING_VERSION = 1.0;
				PRODUCT_BUNDLE_IDENTIFIER = "com.hakkicansengonul.Avocado-SwiftUI";
				PRODUCT_NAME = "$(TARGET_NAME)";
				SWIFT_EMIT_LOC_STRINGS = YES;
				SWIFT_VERSION = 5.0;
				TARGETED_DEVICE_FAMILY = "1,2";
			};
			name = Debug;
		};
		C45454B42868C768000F653E /* Release */ = {
			isa = XCBuildConfiguration;
			buildSettings = {
				ASSETCATALOG_COMPILER_APPICON_NAME = AppIcon;
				ASSETCATALOG_COMPILER_GLOBAL_ACCENT_COLOR_NAME = AccentColor;
				CODE_SIGN_STYLE = Automatic;
				CURRENT_PROJECT_VERSION = 1;
				DEVELOPMENT_ASSET_PATHS = "\"Avocado-SwiftUI/Preview Content\"";
				DEVELOPMENT_TEAM = 5XZHHC4623;
				ENABLE_PREVIEWS = YES;
				GENERATE_INFOPLIST_FILE = YES;
				INFOPLIST_KEY_UIApplicationSceneManifest_Generation = YES;
				INFOPLIST_KEY_UIApplicationSupportsIndirectInputEvents = YES;
				INFOPLIST_KEY_UILaunchScreen_Generation = YES;
				INFOPLIST_KEY_UILaunchStoryboardName = LaunchScreen;
				INFOPLIST_KEY_UISupportedInterfaceOrientations_iPad = "UIInterfaceOrientationPortrait UIInterfaceOrientationPortraitUpsideDown UIInterfaceOrientationLandscapeLeft UIInterfaceOrientationLandscapeRight";
				INFOPLIST_KEY_UISupportedInterfaceOrientations_iPhone = "UIInterfaceOrientationPortrait UIInterfaceOrientationLandscapeLeft UIInterfaceOrientationLandscapeRight";
				LD_RUNPATH_SEARCH_PATHS = (
					"$(inherited)",
					"@executable_path/Frameworks",
				);
				MARKETING_VERSION = 1.0;
				PRODUCT_BUNDLE_IDENTIFIER = "com.hakkicansengonul.Avocado-SwiftUI";
				PRODUCT_NAME = "$(TARGET_NAME)";
				SWIFT_EMIT_LOC_STRINGS = YES;
				SWIFT_VERSION = 5.0;
				TARGETED_DEVICE_FAMILY = "1,2";
			};
			name = Release;
		};
/* End XCBuildConfiguration section */

/* Begin XCConfigurationList section */
		C454549F2868C766000F653E /* Build configuration list for PBXProject "Avocado-SwiftUI" */ = {
			isa = XCConfigurationList;
			buildConfigurations = (
				C45454B02868C768000F653E /* Debug */,
				C45454B12868C768000F653E /* Release */,
			);
			defaultConfigurationIsVisible = 0;
			defaultConfigurationName = Release;
		};
		C45454B22868C768000F653E /* Build configuration list for PBXNativeTarget "Avocado-SwiftUI" */ = {
			isa = XCConfigurationList;
			buildConfigurations = (
				C45454B32868C768000F653E /* Debug */,
				C45454B42868C768000F653E /* Release */,
			);
			defaultConfigurationIsVisible = 0;
			defaultConfigurationName = Release;
		};
/* End XCConfigurationList section */
	};
	rootObject = C454549C2868C766000F653E /* Project object */;
}
